{
  "name": "tc",
  "version": "1.0.0",
  "lockfileVersion": 3,
  "requires": true,
  "packages": {
    "": {
      "name": "tc",
      "version": "1.0.0",
      "license": "ISC",
      "dependencies": {
        "@ipld/dag-cbor": "^9.0.6",
        "libsodium-wrappers": "^0.7.13"
      }
    },
    "node_modules/@ipld/dag-cbor": {
      "version": "9.0.6",
      "resolved": "https://registry.npmjs.org/@ipld/dag-cbor/-/dag-cbor-9.0.6.tgz",
      "integrity": "sha512-3kNab5xMppgWw6DVYx2BzmFq8t7I56AGWfp5kaU1fIPkwHVpBRglJJTYsGtbVluCi/s/q97HZM3bC+aDW4sxbQ==",
      "dependencies": {
        "cborg": "^4.0.0",
        "multiformats": "^12.0.1"
      },
      "engines": {
        "node": ">=16.0.0",
        "npm": ">=7.0.0"
      }
    },
    "node_modules/cborg": {
      "version": "4.0.5",
      "resolved": "https://registry.npmjs.org/cborg/-/cborg-4.0.5.tgz",
      "integrity": "sha512-q8TAjprr8pn9Fp53rOIGp/UFDdFY6os2Nq62YogPSIzczJD9M6g2b6igxMkpCiZZKJ0kn/KzDLDvG+EqBIEeCg==",
      "bin": {
        "cborg": "lib/bin.js"
      }
    },
    "node_modules/libsodium": {
      "version": "0.7.13",
      "resolved": "https://registry.npmjs.org/libsodium/-/libsodium-0.7.13.tgz",
      "integrity": "sha512-mK8ju0fnrKXXfleL53vtp9xiPq5hKM0zbDQtcxQIsSmxNgSxqCj6R7Hl9PkrNe2j29T4yoDaF7DJLK9/i5iWUw=="
    },
    "node_modules/libsodium-wrappers": {
      "version": "0.7.13",
      "resolved": "https://registry.npmjs.org/libsodium-wrappers/-/libsodium-wrappers-0.7.13.tgz",
      "integrity": "sha512-kasvDsEi/r1fMzKouIDv7B8I6vNmknXwGiYodErGuESoFTohGSKZplFtVxZqHaoQ217AynyIFgnOVRitpHs0Qw==",
      "dependencies": {
        "libsodium": "^0.7.13"
      }
    },
    "node_modules/multiformats": {
      "version": "12.1.3",
      "resolved": "https://registry.npmjs.org/multiformats/-/multiformats-12.1.3.tgz",
      "integrity": "sha512-eajQ/ZH7qXZQR2AgtfpmSMizQzmyYVmCql7pdhldPuYQi4atACekbJaQplk6dWyIi10jCaFnd6pqvcEFXjbaJw==",
      "engines": {
        "node": ">=16.0.0",
        "npm": ">=7.0.0"
      }
    }
  }
}
